// !$*UTF8*$!
{
	archiveVersion = 1;
	classes = {
	};
	objectVersion = 50;
	objects = {

/* Begin PBXBuildFile section */
		06D8EF2899F203BA8ADBD254 /* Pods_AirbnbProject.framework in Frameworks */ = {isa = PBXBuildFile; fileRef = 66F552965419A8DFCC187B4A /* Pods_AirbnbProject.framework */; };
		152D788A210EFA530060BF9B /* MoreOptionsViewController.swift in Sources */ = {isa = PBXBuildFile; fileRef = 152D7889210EFA530060BF9B /* MoreOptionsViewController.swift */; };
		152D788C210F054C0060BF9B /* SignUpNameViewController.swift in Sources */ = {isa = PBXBuildFile; fileRef = 152D788B210F054C0060BF9B /* SignUpNameViewController.swift */; };
		152D7890210F64340060BF9B /* SignUpEmailViewController.swift in Sources */ = {isa = PBXBuildFile; fileRef = 152D788F210F64340060BF9B /* SignUpEmailViewController.swift */; };
		15662865210ED4AD003B0338 /* AppDelegate.swift in Sources */ = {isa = PBXBuildFile; fileRef = 15662864210ED4AD003B0338 /* AppDelegate.swift */; };
		1566286C210ED4AE003B0338 /* Assets.xcassets in Resources */ = {isa = PBXBuildFile; fileRef = 1566286B210ED4AE003B0338 /* Assets.xcassets */; };
		1566286F210ED4AE003B0338 /* LaunchScreen.storyboard in Resources */ = {isa = PBXBuildFile; fileRef = 1566286D210ED4AE003B0338 /* LaunchScreen.storyboard */; };
		1566287F210EE41B003B0338 /* Login.storyboard in Resources */ = {isa = PBXBuildFile; fileRef = 1566287E210EE41B003B0338 /* Login.storyboard */; };
		15662881210EE4CF003B0338 /* Main.storyboard in Resources */ = {isa = PBXBuildFile; fileRef = 15662880210EE4CF003B0338 /* Main.storyboard */; };
		15662883210EE5CF003B0338 /* EntryViewController.swift in Sources */ = {isa = PBXBuildFile; fileRef = 15662882210EE5CF003B0338 /* EntryViewController.swift */; };
		1568A4DD2110912900FA1223 /* SignUpPasswordViewController.swift in Sources */ = {isa = PBXBuildFile; fileRef = 1568A4DC2110912900FA1223 /* SignUpPasswordViewController.swift */; };
		1568A4DF211188E600FA1223 /* SignUpDateOfBirthViewController.swift in Sources */ = {isa = PBXBuildFile; fileRef = 1568A4DE211188E600FA1223 /* SignUpDateOfBirthViewController.swift */; };
		1568A4E22111DA7800FA1223 /* SignInViewController.swift in Sources */ = {isa = PBXBuildFile; fileRef = 1568A4E12111DA7800FA1223 /* SignInViewController.swift */; };
		1568A4E42112087B00FA1223 /* FindPasswordViewController.swift in Sources */ = {isa = PBXBuildFile; fileRef = 1568A4E32112087B00FA1223 /* FindPasswordViewController.swift */; };
		1568A4E72112F60200FA1223 /* ProfileViewController.swift in Sources */ = {isa = PBXBuildFile; fileRef = 1568A4E62112F60200FA1223 /* ProfileViewController.swift */; };
		1589C4312113F2B5003F224D /* ProfileUpdateCell.swift in Sources */ = {isa = PBXBuildFile; fileRef = 1589C4302113F2B5003F224D /* ProfileUpdateCell.swift */; };
		1589C43321140366003F224D /* UserInfoEnrollmentCell.swift in Sources */ = {isa = PBXBuildFile; fileRef = 1589C43221140366003F224D /* UserInfoEnrollmentCell.swift */; };
		1589C436211422E9003F224D /* DefaultOneLineCell.swift in Sources */ = {isa = PBXBuildFile; fileRef = 1589C434211422E9003F224D /* DefaultOneLineCell.swift */; };
		1589C437211422E9003F224D /* DefaultOneLineCell.xib in Resources */ = {isa = PBXBuildFile; fileRef = 1589C435211422E9003F224D /* DefaultOneLineCell.xib */; };
		1589C43A21142300003F224D /* DefaultTwoLineCell.swift in Sources */ = {isa = PBXBuildFile; fileRef = 1589C43821142300003F224D /* DefaultTwoLineCell.swift */; };
		1589C43B21142300003F224D /* DefaultTwoLineCell.xib in Resources */ = {isa = PBXBuildFile; fileRef = 1589C43921142300003F224D /* DefaultTwoLineCell.xib */; };
/* End PBXBuildFile section */

/* Begin PBXFileReference section */
		152D7889210EFA530060BF9B /* MoreOptionsViewController.swift */ = {isa = PBXFileReference; lastKnownFileType = sourcecode.swift; path = MoreOptionsViewController.swift; sourceTree = "<group>"; };
		152D788B210F054C0060BF9B /* SignUpNameViewController.swift */ = {isa = PBXFileReference; lastKnownFileType = sourcecode.swift; path = SignUpNameViewController.swift; sourceTree = "<group>"; };
		152D788F210F64340060BF9B /* SignUpEmailViewController.swift */ = {isa = PBXFileReference; lastKnownFileType = sourcecode.swift; path = SignUpEmailViewController.swift; sourceTree = "<group>"; };
		15662861210ED4AD003B0338 /* AirbnbProject.app */ = {isa = PBXFileReference; explicitFileType = wrapper.application; includeInIndex = 0; path = AirbnbProject.app; sourceTree = BUILT_PRODUCTS_DIR; };
		15662864210ED4AD003B0338 /* AppDelegate.swift */ = {isa = PBXFileReference; lastKnownFileType = sourcecode.swift; path = AppDelegate.swift; sourceTree = "<group>"; };
		1566286B210ED4AE003B0338 /* Assets.xcassets */ = {isa = PBXFileReference; lastKnownFileType = folder.assetcatalog; path = Assets.xcassets; sourceTree = "<group>"; };
		1566286E210ED4AE003B0338 /* Base */ = {isa = PBXFileReference; lastKnownFileType = file.storyboard; name = Base; path = Base.lproj/LaunchScreen.storyboard; sourceTree = "<group>"; };
		15662870210ED4AE003B0338 /* Info.plist */ = {isa = PBXFileReference; lastKnownFileType = text.plist.xml; path = Info.plist; sourceTree = "<group>"; };
		1566287E210EE41B003B0338 /* Login.storyboard */ = {isa = PBXFileReference; lastKnownFileType = file.storyboard; path = Login.storyboard; sourceTree = "<group>"; };
		15662880210EE4CF003B0338 /* Main.storyboard */ = {isa = PBXFileReference; lastKnownFileType = file.storyboard; path = Main.storyboard; sourceTree = "<group>"; };
		15662882210EE5CF003B0338 /* EntryViewController.swift */ = {isa = PBXFileReference; lastKnownFileType = sourcecode.swift; path = EntryViewController.swift; sourceTree = "<group>"; };
		1568A4DC2110912900FA1223 /* SignUpPasswordViewController.swift */ = {isa = PBXFileReference; lastKnownFileType = sourcecode.swift; path = SignUpPasswordViewController.swift; sourceTree = "<group>"; };
		1568A4DE211188E600FA1223 /* SignUpDateOfBirthViewController.swift */ = {isa = PBXFileReference; lastKnownFileType = sourcecode.swift; path = SignUpDateOfBirthViewController.swift; sourceTree = "<group>"; };
		1568A4E12111DA7800FA1223 /* SignInViewController.swift */ = {isa = PBXFileReference; lastKnownFileType = sourcecode.swift; path = SignInViewController.swift; sourceTree = "<group>"; };
		1568A4E32112087B00FA1223 /* FindPasswordViewController.swift */ = {isa = PBXFileReference; lastKnownFileType = sourcecode.swift; path = FindPasswordViewController.swift; sourceTree = "<group>"; };
		1568A4E62112F60200FA1223 /* ProfileViewController.swift */ = {isa = PBXFileReference; lastKnownFileType = sourcecode.swift; path = ProfileViewController.swift; sourceTree = "<group>"; };
		1589C4302113F2B5003F224D /* ProfileUpdateCell.swift */ = {isa = PBXFileReference; lastKnownFileType = sourcecode.swift; path = ProfileUpdateCell.swift; sourceTree = "<group>"; };
		1589C43221140366003F224D /* UserInfoEnrollmentCell.swift */ = {isa = PBXFileReference; lastKnownFileType = sourcecode.swift; path = UserInfoEnrollmentCell.swift; sourceTree = "<group>"; };
		1589C434211422E9003F224D /* DefaultOneLineCell.swift */ = {isa = PBXFileReference; lastKnownFileType = sourcecode.swift; path = DefaultOneLineCell.swift; sourceTree = "<group>"; };
		1589C435211422E9003F224D /* DefaultOneLineCell.xib */ = {isa = PBXFileReference; lastKnownFileType = file.xib; path = DefaultOneLineCell.xib; sourceTree = "<group>"; };
		1589C43821142300003F224D /* DefaultTwoLineCell.swift */ = {isa = PBXFileReference; lastKnownFileType = sourcecode.swift; path = DefaultTwoLineCell.swift; sourceTree = "<group>"; };
		1589C43921142300003F224D /* DefaultTwoLineCell.xib */ = {isa = PBXFileReference; lastKnownFileType = file.xib; path = DefaultTwoLineCell.xib; sourceTree = "<group>"; };
		38310991B84D0E2221F076C0 /* Pods-AirbnbProject.release.xcconfig */ = {isa = PBXFileReference; includeInIndex = 1; lastKnownFileType = text.xcconfig; name = "Pods-AirbnbProject.release.xcconfig"; path = "Pods/Target Support Files/Pods-AirbnbProject/Pods-AirbnbProject.release.xcconfig"; sourceTree = "<group>"; };
		66F552965419A8DFCC187B4A /* Pods_AirbnbProject.framework */ = {isa = PBXFileReference; explicitFileType = wrapper.framework; includeInIndex = 0; path = Pods_AirbnbProject.framework; sourceTree = BUILT_PRODUCTS_DIR; };
		B4AD846C3DE3FD1CF06D4F37 /* Pods-AirbnbProject.debug.xcconfig */ = {isa = PBXFileReference; includeInIndex = 1; lastKnownFileType = text.xcconfig; name = "Pods-AirbnbProject.debug.xcconfig"; path = "Pods/Target Support Files/Pods-AirbnbProject/Pods-AirbnbProject.debug.xcconfig"; sourceTree = "<group>"; };
/* End PBXFileReference section */

/* Begin PBXFrameworksBuildPhase section */
		1566285E210ED4AD003B0338 /* Frameworks */ = {
			isa = PBXFrameworksBuildPhase;
			buildActionMask = 2147483647;
			files = (
				06D8EF2899F203BA8ADBD254 /* Pods_AirbnbProject.framework in Frameworks */,
			);
			runOnlyForDeploymentPostprocessing = 0;
		};
/* End PBXFrameworksBuildPhase section */

/* Begin PBXGroup section */
		152D7888210EFA3C0060BF9B /* SignUp */ = {
			isa = PBXGroup;
			children = (
				15662882210EE5CF003B0338 /* EntryViewController.swift */,
				152D7889210EFA530060BF9B /* MoreOptionsViewController.swift */,
				152D788B210F054C0060BF9B /* SignUpNameViewController.swift */,
				152D788F210F64340060BF9B /* SignUpEmailViewController.swift */,
				1568A4DC2110912900FA1223 /* SignUpPasswordViewController.swift */,
				1568A4DE211188E600FA1223 /* SignUpDateOfBirthViewController.swift */,
			);
			path = SignUp;
			sourceTree = "<group>";
		};
		15662858210ED4AC003B0338 = {
			isa = PBXGroup;
			children = (
				15662863210ED4AD003B0338 /* AirbnbProject */,
				15662862210ED4AD003B0338 /* Products */,
				BC9DFE7A4F6242E0A213120F /* Pods */,
				4783672EC0ADDB9B518A9E15 /* Frameworks */,
			);
			sourceTree = "<group>";
		};
		15662862210ED4AD003B0338 /* Products */ = {
			isa = PBXGroup;
			children = (
				15662861210ED4AD003B0338 /* AirbnbProject.app */,
			);
			name = Products;
			sourceTree = "<group>";
		};
		15662863210ED4AD003B0338 /* AirbnbProject */ = {
			isa = PBXGroup;
			children = (
				15662876210ED514003B0338 /* Source */,
				15662878210EE373003B0338 /* Storyboard */,
				15662877210EE350003B0338 /* Resources */,
				1566287D210EE3CF003B0338 /* Supporting Files */,
			);
			path = AirbnbProject;
			sourceTree = "<group>";
		};
		15662876210ED514003B0338 /* Source */ = {
			isa = PBXGroup;
			children = (
				15662864210ED4AD003B0338 /* AppDelegate.swift */,
				1566287C210EE38D003B0338 /* Utility */,
				1566287B210EE385003B0338 /* ViewController */,
				1566287A210EE381003B0338 /* View */,
				15662879210EE37C003B0338 /* Model */,
			);
			path = Source;
			sourceTree = "<group>";
		};
		15662877210EE350003B0338 /* Resources */ = {
			isa = PBXGroup;
			children = (
				1566286B210ED4AE003B0338 /* Assets.xcassets */,
			);
			path = Resources;
			sourceTree = "<group>";
		};
		15662878210EE373003B0338 /* Storyboard */ = {
			isa = PBXGroup;
			children = (
				1566287E210EE41B003B0338 /* Login.storyboard */,
				15662880210EE4CF003B0338 /* Main.storyboard */,
			);
			path = Storyboard;
			sourceTree = "<group>";
		};
		15662879210EE37C003B0338 /* Model */ = {
			isa = PBXGroup;
			children = (
			);
			path = Model;
			sourceTree = "<group>";
		};
		1566287A210EE381003B0338 /* View */ = {
			isa = PBXGroup;
			children = (
			);
			path = View;
			sourceTree = "<group>";
		};
		1566287B210EE385003B0338 /* ViewController */ = {
			isa = PBXGroup;
			children = (
				1568A4E52112F5EA00FA1223 /* Profile */,
				1568A4E02111DA4300FA1223 /* SignIn */,
				152D7888210EFA3C0060BF9B /* SignUp */,
			);
			path = ViewController;
			sourceTree = "<group>";
		};
		1566287C210EE38D003B0338 /* Utility */ = {
			isa = PBXGroup;
			children = (
			);
			path = Utility;
			sourceTree = "<group>";
		};
		1566287D210EE3CF003B0338 /* Supporting Files */ = {
			isa = PBXGroup;
			children = (
				1566286D210ED4AE003B0338 /* LaunchScreen.storyboard */,
				15662870210ED4AE003B0338 /* Info.plist */,
			);
			path = "Supporting Files";
			sourceTree = "<group>";
		};
		1568A4E02111DA4300FA1223 /* SignIn */ = {
			isa = PBXGroup;
			children = (
				1568A4E12111DA7800FA1223 /* SignInViewController.swift */,
				1568A4E32112087B00FA1223 /* FindPasswordViewController.swift */,
			);
			path = SignIn;
			sourceTree = "<group>";
		};
		1568A4E52112F5EA00FA1223 /* Profile */ = {
			isa = PBXGroup;
			children = (
				1568A4E62112F60200FA1223 /* ProfileViewController.swift */,
				1568A4E82112F61800FA1223 /* SubCell */,
			);
			path = Profile;
			sourceTree = "<group>";
		};
		1568A4E82112F61800FA1223 /* SubCell */ = {
			isa = PBXGroup;
			children = (
				1589C4302113F2B5003F224D /* ProfileUpdateCell.swift */,
				1589C43221140366003F224D /* UserInfoEnrollmentCell.swift */,
				1589C434211422E9003F224D /* DefaultOneLineCell.swift */,
				1589C435211422E9003F224D /* DefaultOneLineCell.xib */,
				1589C43821142300003F224D /* DefaultTwoLineCell.swift */,
				1589C43921142300003F224D /* DefaultTwoLineCell.xib */,
			);
			path = SubCell;
			sourceTree = "<group>";
		};
		4783672EC0ADDB9B518A9E15 /* Frameworks */ = {
			isa = PBXGroup;
			children = (
				66F552965419A8DFCC187B4A /* Pods_AirbnbProject.framework */,
			);
			name = Frameworks;
			sourceTree = "<group>";
		};
		BC9DFE7A4F6242E0A213120F /* Pods */ = {
			isa = PBXGroup;
			children = (
				B4AD846C3DE3FD1CF06D4F37 /* Pods-AirbnbProject.debug.xcconfig */,
				38310991B84D0E2221F076C0 /* Pods-AirbnbProject.release.xcconfig */,
			);
			name = Pods;
			sourceTree = "<group>";
		};
/* End PBXGroup section */

/* Begin PBXNativeTarget section */
		15662860210ED4AD003B0338 /* AirbnbProject */ = {
			isa = PBXNativeTarget;
			buildConfigurationList = 15662873210ED4AE003B0338 /* Build configuration list for PBXNativeTarget "AirbnbProject" */;
			buildPhases = (
				96F95E19BAB9E421A6DA5C83 /* [CP] Check Pods Manifest.lock */,
				1566285D210ED4AD003B0338 /* Sources */,
				1566285E210ED4AD003B0338 /* Frameworks */,
				1566285F210ED4AD003B0338 /* Resources */,
				99C1D8B81C3A56EAED18C80A /* [CP] Embed Pods Frameworks */,
			);
			buildRules = (
			);
			dependencies = (
			);
			name = AirbnbProject;
			productName = AirbnbProject;
			productReference = 15662861210ED4AD003B0338 /* AirbnbProject.app */;
			productType = "com.apple.product-type.application";
		};
/* End PBXNativeTarget section */

/* Begin PBXProject section */
		15662859210ED4AC003B0338 /* Project object */ = {
			isa = PBXProject;
			attributes = {
				LastSwiftUpdateCheck = 0940;
				LastUpgradeCheck = 0940;
				ORGANIZATIONNAME = "김승진";
				TargetAttributes = {
					15662860210ED4AD003B0338 = {
						CreatedOnToolsVersion = 9.4.1;
					};
				};
			};
			buildConfigurationList = 1566285C210ED4AC003B0338 /* Build configuration list for PBXProject "AirbnbProject" */;
			compatibilityVersion = "Xcode 9.3";
			developmentRegion = en;
			hasScannedForEncodings = 0;
			knownRegions = (
				en,
				Base,
			);
			mainGroup = 15662858210ED4AC003B0338;
			productRefGroup = 15662862210ED4AD003B0338 /* Products */;
			projectDirPath = "";
			projectRoot = "";
			targets = (
				15662860210ED4AD003B0338 /* AirbnbProject */,
			);
		};
/* End PBXProject section */

/* Begin PBXResourcesBuildPhase section */
		1566285F210ED4AD003B0338 /* Resources */ = {
			isa = PBXResourcesBuildPhase;
			buildActionMask = 2147483647;
			files = (
				1566287F210EE41B003B0338 /* Login.storyboard in Resources */,
				1566286F210ED4AE003B0338 /* LaunchScreen.storyboard in Resources */,
				1589C437211422E9003F224D /* DefaultOneLineCell.xib in Resources */,
				1566286C210ED4AE003B0338 /* Assets.xcassets in Resources */,
				1589C43B21142300003F224D /* DefaultTwoLineCell.xib in Resources */,
				15662881210EE4CF003B0338 /* Main.storyboard in Resources */,
			);
			runOnlyForDeploymentPostprocessing = 0;
		};
/* End PBXResourcesBuildPhase section */

/* Begin PBXShellScriptBuildPhase section */
		96F95E19BAB9E421A6DA5C83 /* [CP] Check Pods Manifest.lock */ = {
			isa = PBXShellScriptBuildPhase;
			buildActionMask = 2147483647;
			files = (
			);
			inputPaths = (
				"${PODS_PODFILE_DIR_PATH}/Podfile.lock",
				"${PODS_ROOT}/Manifest.lock",
			);
			name = "[CP] Check Pods Manifest.lock";
			outputPaths = (
				"$(DERIVED_FILE_DIR)/Pods-AirbnbProject-checkManifestLockResult.txt",
			);
			runOnlyForDeploymentPostprocessing = 0;
			shellPath = /bin/sh;
			shellScript = "diff \"${PODS_PODFILE_DIR_PATH}/Podfile.lock\" \"${PODS_ROOT}/Manifest.lock\" > /dev/null\nif [ $? != 0 ] ; then\n    # print error to STDERR\n    echo \"error: The sandbox is not in sync with the Podfile.lock. Run 'pod install' or update your CocoaPods installation.\" >&2\n    exit 1\nfi\n# This output is used by Xcode 'outputs' to avoid re-running this script phase.\necho \"SUCCESS\" > \"${SCRIPT_OUTPUT_FILE_0}\"\n";
			showEnvVarsInLog = 0;
		};
		99C1D8B81C3A56EAED18C80A /* [CP] Embed Pods Frameworks */ = {
			isa = PBXShellScriptBuildPhase;
			buildActionMask = 2147483647;
			files = (
			);
			inputPaths = (
				"${SRCROOT}/Pods/Target Support Files/Pods-AirbnbProject/Pods-AirbnbProject-frameworks.sh",
				"${BUILT_PRODUCTS_DIR}/Alamofire/Alamofire.framework",
				"${BUILT_PRODUCTS_DIR}/Kingfisher/Kingfisher.framework",
			);
			name = "[CP] Embed Pods Frameworks";
			outputPaths = (
				"${TARGET_BUILD_DIR}/${FRAMEWORKS_FOLDER_PATH}/Alamofire.framework",
				"${TARGET_BUILD_DIR}/${FRAMEWORKS_FOLDER_PATH}/Kingfisher.framework",
			);
			runOnlyForDeploymentPostprocessing = 0;
			shellPath = /bin/sh;
			shellScript = "\"${SRCROOT}/Pods/Target Support Files/Pods-AirbnbProject/Pods-AirbnbProject-frameworks.sh\"\n";
			showEnvVarsInLog = 0;
		};
/* End PBXShellScriptBuildPhase section */

/* Begin PBXSourcesBuildPhase section */
		1566285D210ED4AD003B0338 /* Sources */ = {
			isa = PBXSourcesBuildPhase;
			buildActionMask = 2147483647;
			files = (
				152D788A210EFA530060BF9B /* MoreOptionsViewController.swift in Sources */,
				152D7890210F64340060BF9B /* SignUpEmailViewController.swift in Sources */,
				1589C43321140366003F224D /* UserInfoEnrollmentCell.swift in Sources */,
				1568A4E72112F60200FA1223 /* ProfileViewController.swift in Sources */,
				15662865210ED4AD003B0338 /* AppDelegate.swift in Sources */,
				1568A4DF211188E600FA1223 /* SignUpDateOfBirthViewController.swift in Sources */,
				1589C43A21142300003F224D /* DefaultTwoLineCell.swift in Sources */,
				1589C436211422E9003F224D /* DefaultOneLineCell.swift in Sources */,
				1589C4312113F2B5003F224D /* ProfileUpdateCell.swift in Sources */,
				1568A4E22111DA7800FA1223 /* SignInViewController.swift in Sources */,
				1568A4DD2110912900FA1223 /* SignUpPasswordViewController.swift in Sources */,
				15662883210EE5CF003B0338 /* EntryViewController.swift in Sources */,
				1568A4E42112087B00FA1223 /* FindPasswordViewController.swift in Sources */,
				152D788C210F054C0060BF9B /* SignUpNameViewController.swift in Sources */,
			);
			runOnlyForDeploymentPostprocessing = 0;
		};
/* End PBXSourcesBuildPhase section */

/* Begin PBXVariantGroup section */
		1566286D210ED4AE003B0338 /* LaunchScreen.storyboard */ = {
			isa = PBXVariantGroup;
			children = (
				1566286E210ED4AE003B0338 /* Base */,
			);
			name = LaunchScreen.storyboard;
			sourceTree = "<group>";
		};
/* End PBXVariantGroup section */

/* Begin XCBuildConfiguration section */
		15662871210ED4AE003B0338 /* Debug */ = {
			isa = XCBuildConfiguration;
			buildSettings = {
				ALWAYS_SEARCH_USER_PATHS = NO;
				CLANG_ANALYZER_NONNULL = YES;
				CLANG_ANALYZER_NUMBER_OBJECT_CONVERSION = YES_AGGRESSIVE;
				CLANG_CXX_LANGUAGE_STANDARD = "gnu++14";
				CLANG_CXX_LIBRARY = "libc++";
				CLANG_ENABLE_MODULES = YES;
				CLANG_ENABLE_OBJC_ARC = YES;
				CLANG_ENABLE_OBJC_WEAK = YES;
				CLANG_WARN_BLOCK_CAPTURE_AUTORELEASING = YES;
				CLANG_WARN_BOOL_CONVERSION = YES;
				CLANG_WARN_COMMA = YES;
				CLANG_WARN_CONSTANT_CONVERSION = YES;
				CLANG_WARN_DEPRECATED_OBJC_IMPLEMENTATIONS = YES;
				CLANG_WARN_DIRECT_OBJC_ISA_USAGE = YES_ERROR;
				CLANG_WARN_DOCUMENTATION_COMMENTS = YES;
				CLANG_WARN_EMPTY_BODY = YES;
				CLANG_WARN_ENUM_CONVERSION = YES;
				CLANG_WARN_INFINITE_RECURSION = YES;
				CLANG_WARN_INT_CONVERSION = YES;
				CLANG_WARN_NON_LITERAL_NULL_CONVERSION = YES;
				CLANG_WARN_OBJC_IMPLICIT_RETAIN_SELF = YES;
				CLANG_WARN_OBJC_LITERAL_CONVERSION = YES;
				CLANG_WARN_OBJC_ROOT_CLASS = YES_ERROR;
				CLANG_WARN_RANGE_LOOP_ANALYSIS = YES;
				CLANG_WARN_STRICT_PROTOTYPES = YES;
				CLANG_WARN_SUSPICIOUS_MOVE = YES;
				CLANG_WARN_UNGUARDED_AVAILABILITY = YES_AGGRESSIVE;
				CLANG_WARN_UNREACHABLE_CODE = YES;
				CLANG_WARN__DUPLICATE_METHOD_MATCH = YES;
				CODE_SIGN_IDENTITY = "iPhone Developer";
				COPY_PHASE_STRIP = NO;
				DEBUG_INFORMATION_FORMAT = dwarf;
				ENABLE_STRICT_OBJC_MSGSEND = YES;
				ENABLE_TESTABILITY = YES;
				GCC_C_LANGUAGE_STANDARD = gnu11;
				GCC_DYNAMIC_NO_PIC = NO;
				GCC_NO_COMMON_BLOCKS = YES;
				GCC_OPTIMIZATION_LEVEL = 0;
				GCC_PREPROCESSOR_DEFINITIONS = (
					"DEBUG=1",
					"$(inherited)",
				);
				GCC_WARN_64_TO_32_BIT_CONVERSION = YES;
				GCC_WARN_ABOUT_RETURN_TYPE = YES_ERROR;
				GCC_WARN_UNDECLARED_SELECTOR = YES;
				GCC_WARN_UNINITIALIZED_AUTOS = YES_AGGRESSIVE;
				GCC_WARN_UNUSED_FUNCTION = YES;
				GCC_WARN_UNUSED_VARIABLE = YES;
				IPHONEOS_DEPLOYMENT_TARGET = 11.4;
				MTL_ENABLE_DEBUG_INFO = YES;
				ONLY_ACTIVE_ARCH = YES;
				SDKROOT = iphoneos;
				SWIFT_ACTIVE_COMPILATION_CONDITIONS = DEBUG;
				SWIFT_OPTIMIZATION_LEVEL = "-Onone";
			};
			name = Debug;
		};
		15662872210ED4AE003B0338 /* Release */ = {
			isa = XCBuildConfiguration;
			buildSettings = {
				ALWAYS_SEARCH_USER_PATHS = NO;
				CLANG_ANALYZER_NONNULL = YES;
				CLANG_ANALYZER_NUMBER_OBJECT_CONVERSION = YES_AGGRESSIVE;
				CLANG_CXX_LANGUAGE_STANDARD = "gnu++14";
				CLANG_CXX_LIBRARY = "libc++";
				CLANG_ENABLE_MODULES = YES;
				CLANG_ENABLE_OBJC_ARC = YES;
				CLANG_ENABLE_OBJC_WEAK = YES;
				CLANG_WARN_BLOCK_CAPTURE_AUTORELEASING = YES;
				CLANG_WARN_BOOL_CONVERSION = YES;
				CLANG_WARN_COMMA = YES;
				CLANG_WARN_CONSTANT_CONVERSION = YES;
				CLANG_WARN_DEPRECATED_OBJC_IMPLEMENTATIONS = YES;
				CLANG_WARN_DIRECT_OBJC_ISA_USAGE = YES_ERROR;
				CLANG_WARN_DOCUMENTATION_COMMENTS = YES;
				CLANG_WARN_EMPTY_BODY = YES;
				CLANG_WARN_ENUM_CONVERSION = YES;
				CLANG_WARN_INFINITE_RECURSION = YES;
				CLANG_WARN_INT_CONVERSION = YES;
				CLANG_WARN_NON_LITERAL_NULL_CONVERSION = YES;
				CLANG_WARN_OBJC_IMPLICIT_RETAIN_SELF = YES;
				CLANG_WARN_OBJC_LITERAL_CONVERSION = YES;
				CLANG_WARN_OBJC_ROOT_CLASS = YES_ERROR;
				CLANG_WARN_RANGE_LOOP_ANALYSIS = YES;
				CLANG_WARN_STRICT_PROTOTYPES = YES;
				CLANG_WARN_SUSPICIOUS_MOVE = YES;
				CLANG_WARN_UNGUARDED_AVAILABILITY = YES_AGGRESSIVE;
				CLANG_WARN_UNREACHABLE_CODE = YES;
				CLANG_WARN__DUPLICATE_METHOD_MATCH = YES;
				CODE_SIGN_IDENTITY = "iPhone Developer";
				COPY_PHASE_STRIP = NO;
				DEBUG_INFORMATION_FORMAT = "dwarf-with-dsym";
				ENABLE_NS_ASSERTIONS = NO;
				ENABLE_STRICT_OBJC_MSGSEND = YES;
				GCC_C_LANGUAGE_STANDARD = gnu11;
				GCC_NO_COMMON_BLOCKS = YES;
				GCC_WARN_64_TO_32_BIT_CONVERSION = YES;
				GCC_WARN_ABOUT_RETURN_TYPE = YES_ERROR;
				GCC_WARN_UNDECLARED_SELECTOR = YES;
				GCC_WARN_UNINITIALIZED_AUTOS = YES_AGGRESSIVE;
				GCC_WARN_UNUSED_FUNCTION = YES;
				GCC_WARN_UNUSED_VARIABLE = YES;
				IPHONEOS_DEPLOYMENT_TARGET = 11.4;
				MTL_ENABLE_DEBUG_INFO = NO;
				SDKROOT = iphoneos;
				SWIFT_COMPILATION_MODE = wholemodule;
				SWIFT_OPTIMIZATION_LEVEL = "-O";
				VALIDATE_PRODUCT = YES;
			};
			name = Release;
		};
		15662874210ED4AE003B0338 /* Debug */ = {
			isa = XCBuildConfiguration;
			baseConfigurationReference = B4AD846C3DE3FD1CF06D4F37 /* Pods-AirbnbProject.debug.xcconfig */;
			buildSettings = {
				ASSETCATALOG_COMPILER_APPICON_NAME = AppIcon;
				CODE_SIGN_STYLE = Automatic;
				DEVELOPMENT_TEAM = CNMQE42DQF;
				INFOPLIST_FILE = "$(SRCROOT)/AirbnbProject/Supporting Files/Info.plist";
				IPHONEOS_DEPLOYMENT_TARGET = 9.0;
				LD_RUNPATH_SEARCH_PATHS = (
					"$(inherited)",
					"@executable_path/Frameworks",
				);
				PRODUCT_BUNDLE_IDENTIFIER = com.JinTonic.AirbnbProject;
				PRODUCT_NAME = "$(TARGET_NAME)";
				SWIFT_VERSION = 4.0;
				TARGETED_DEVICE_FAMILY = "1,2";
			};
			name = Debug;
		};
		15662875210ED4AE003B0338 /* Release */ = {
			isa = XCBuildConfiguration;
			baseConfigurationReference = 38310991B84D0E2221F076C0 /* Pods-AirbnbProject.release.xcconfig */;
			buildSettings = {
				ASSETCATALOG_COMPILER_APPICON_NAME = AppIcon;
				CODE_SIGN_STYLE = Automatic;
				DEVELOPMENT_TEAM = CNMQE42DQF;
				INFOPLIST_FILE = "$(SRCROOT)/AirbnbProject/Supporting Files/Info.plist";
				IPHONEOS_DEPLOYMENT_TARGET = 9.0;
				LD_RUNPATH_SEARCH_PATHS = (
					"$(inherited)",
					"@executable_path/Frameworks",
				);
				PRODUCT_BUNDLE_IDENTIFIER = com.JinTonic.AirbnbProject;
				PRODUCT_NAME = "$(TARGET_NAME)";
				SWIFT_VERSION = 4.0;
				TARGETED_DEVICE_FAMILY = "1,2";
			};
			name = Release;
		};
/* End XCBuildConfiguration section */

/* Begin XCConfigurationList section */
		1566285C210ED4AC003B0338 /* Build configuration list for PBXProject "AirbnbProject" */ = {
			isa = XCConfigurationList;
			buildConfigurations = (
				15662871210ED4AE003B0338 /* Debug */,
				15662872210ED4AE003B0338 /* Release */,
			);
			defaultConfigurationIsVisible = 0;
			defaultConfigurationName = Release;
		};
		15662873210ED4AE003B0338 /* Build configuration list for PBXNativeTarget "AirbnbProject" */ = {
			isa = XCConfigurationList;
			buildConfigurations = (
				15662874210ED4AE003B0338 /* Debug */,
				15662875210ED4AE003B0338 /* Release */,
			);
			defaultConfigurationIsVisible = 0;
			defaultConfigurationName = Release;
		};
/* End XCConfigurationList section */
	};
	rootObject = 15662859210ED4AC003B0338 /* Project object */;
}
