// !$*UTF8*$!
{
	archiveVersion = 1;
	classes = {
	};
	objectVersion = 50;
	objects = {

/* Begin PBXBuildFile section */
		06D8EF2899F203BA8ADBD254 /* Pods_AirbnbProject.framework in Frameworks */ = {isa = PBXBuildFile; fileRef = 66F552965419A8DFCC187B4A /* Pods_AirbnbProject.framework */; };
		15662865210ED4AD003B0338 /* AppDelegate.swift in Sources */ = {isa = PBXBuildFile; fileRef = 15662864210ED4AD003B0338 /* AppDelegate.swift */; };
		1566286C210ED4AE003B0338 /* Assets.xcassets in Resources */ = {isa = PBXBuildFile; fileRef = 1566286B210ED4AE003B0338 /* Assets.xcassets */; };
		1566286F210ED4AE003B0338 /* LaunchScreen.storyboard in Resources */ = {isa = PBXBuildFile; fileRef = 1566286D210ED4AE003B0338 /* LaunchScreen.storyboard */; };
		1566287F210EE41B003B0338 /* Login.storyboard in Resources */ = {isa = PBXBuildFile; fileRef = 1566287E210EE41B003B0338 /* Login.storyboard */; };
		15662881210EE4CF003B0338 /* Main.storyboard in Resources */ = {isa = PBXBuildFile; fileRef = 15662880210EE4CF003B0338 /* Main.storyboard */; };
		15662883210EE5CF003B0338 /* EntryViewController.swift in Sources */ = {isa = PBXBuildFile; fileRef = 15662882210EE5CF003B0338 /* EntryViewController.swift */; };
		F90BA798211068F00030926A /* TwoLineHeaderCollectionReusableView.swift in Sources */ = {isa = PBXBuildFile; fileRef = F90BA796211068F00030926A /* TwoLineHeaderCollectionReusableView.swift */; };
		F90BA799211068F00030926A /* TwoLineHeaderCollectionReusableView.xib in Resources */ = {isa = PBXBuildFile; fileRef = F90BA797211068F00030926A /* TwoLineHeaderCollectionReusableView.xib */; };
		F90BA79E2110A2EC0030926A /* HouseListCollectionCell.swift in Sources */ = {isa = PBXBuildFile; fileRef = F90BA79C2110A2EC0030926A /* HouseListCollectionCell.swift */; };
		F90BA79F2110A2EC0030926A /* HouseListCollectionCell.xib in Resources */ = {isa = PBXBuildFile; fileRef = F90BA79D2110A2EC0030926A /* HouseListCollectionCell.xib */; };
		F924BE01210EEDA000627A4A /* ExploringViewController.swift in Sources */ = {isa = PBXBuildFile; fileRef = F924BE00210EEDA000627A4A /* ExploringViewController.swift */; };
		F924BE04210F2DB100627A4A /* AirbnbPlusCollectionCell.swift in Sources */ = {isa = PBXBuildFile; fileRef = F924BE02210F2DB100627A4A /* AirbnbPlusCollectionCell.swift */; };
		F924BE05210F2DB100627A4A /* AirbnbPlusCollectionCell.xib in Resources */ = {isa = PBXBuildFile; fileRef = F924BE03210F2DB100627A4A /* AirbnbPlusCollectionCell.xib */; };
		F924BE0A2110215800627A4A /* SuggestionCollectionCell.swift in Sources */ = {isa = PBXBuildFile; fileRef = F924BE082110215800627A4A /* SuggestionCollectionCell.swift */; };
		F924BE0B2110215800627A4A /* SuggestionCollectionCell.xib in Resources */ = {isa = PBXBuildFile; fileRef = F924BE092110215800627A4A /* SuggestionCollectionCell.xib */; };
		F924BE0F2110333700627A4A /* NestedSuggestionCollectionCell.swift in Sources */ = {isa = PBXBuildFile; fileRef = F924BE0D2110333700627A4A /* NestedSuggestionCollectionCell.swift */; };
		F924BE102110333700627A4A /* NestedSuggestionCollectionCell.xib in Resources */ = {isa = PBXBuildFile; fileRef = F924BE0E2110333700627A4A /* NestedSuggestionCollectionCell.xib */; };
		F937FEB521143D06004FD8CB /* SelectingNumberOfPeopleViewController.swift in Sources */ = {isa = PBXBuildFile; fileRef = F937FEB421143D06004FD8CB /* SelectingNumberOfPeopleViewController.swift */; };
		F937FEB721158E1B004FD8CB /* SearchBarViewController.swift in Sources */ = {isa = PBXBuildFile; fileRef = F937FEB621158E1B004FD8CB /* SearchBarViewController.swift */; };
		F9D8AE3C2111C0CB00AF9AD5 /* OneLineFooterCollectionReusableView.swift in Sources */ = {isa = PBXBuildFile; fileRef = F9D8AE3A2111C0CB00AF9AD5 /* OneLineFooterCollectionReusableView.swift */; };
		F9D8AE3D2111C0CB00AF9AD5 /* OneLineFooterCollectionReusableView.xib in Resources */ = {isa = PBXBuildFile; fileRef = F9D8AE3B2111C0CB00AF9AD5 /* OneLineFooterCollectionReusableView.xib */; };
		F9D8AE412111DCAE00AF9AD5 /* HorizontalStyleCollectionCell.swift in Sources */ = {isa = PBXBuildFile; fileRef = F9D8AE3F2111DCAE00AF9AD5 /* HorizontalStyleCollectionCell.swift */; };
		F9D8AE422111DCAE00AF9AD5 /* HorizontalStyleCollectionCell.xib in Resources */ = {isa = PBXBuildFile; fileRef = F9D8AE402111DCAE00AF9AD5 /* HorizontalStyleCollectionCell.xib */; };
		F9D8AE472111DE1800AF9AD5 /* NestedHorizontalStyleCollectionCell.swift in Sources */ = {isa = PBXBuildFile; fileRef = F9D8AE452111DE1800AF9AD5 /* NestedHorizontalStyleCollectionCell.swift */; };
		F9D8AE482111DE1800AF9AD5 /* NestedHorizontalStyleCollectionCell.xib in Resources */ = {isa = PBXBuildFile; fileRef = F9D8AE462111DE1800AF9AD5 /* NestedHorizontalStyleCollectionCell.xib */; };
/* End PBXBuildFile section */

/* Begin PBXFileReference section */
		15662861210ED4AD003B0338 /* AirbnbProject.app */ = {isa = PBXFileReference; explicitFileType = wrapper.application; includeInIndex = 0; path = AirbnbProject.app; sourceTree = BUILT_PRODUCTS_DIR; };
		15662864210ED4AD003B0338 /* AppDelegate.swift */ = {isa = PBXFileReference; lastKnownFileType = sourcecode.swift; path = AppDelegate.swift; sourceTree = "<group>"; };
		1566286B210ED4AE003B0338 /* Assets.xcassets */ = {isa = PBXFileReference; lastKnownFileType = folder.assetcatalog; path = Assets.xcassets; sourceTree = "<group>"; };
		1566286E210ED4AE003B0338 /* Base */ = {isa = PBXFileReference; lastKnownFileType = file.storyboard; name = Base; path = Base.lproj/LaunchScreen.storyboard; sourceTree = "<group>"; };
		15662870210ED4AE003B0338 /* Info.plist */ = {isa = PBXFileReference; lastKnownFileType = text.plist.xml; path = Info.plist; sourceTree = "<group>"; };
		1566287E210EE41B003B0338 /* Login.storyboard */ = {isa = PBXFileReference; lastKnownFileType = file.storyboard; path = Login.storyboard; sourceTree = "<group>"; };
		15662880210EE4CF003B0338 /* Main.storyboard */ = {isa = PBXFileReference; lastKnownFileType = file.storyboard; path = Main.storyboard; sourceTree = "<group>"; };
		15662882210EE5CF003B0338 /* EntryViewController.swift */ = {isa = PBXFileReference; lastKnownFileType = sourcecode.swift; path = EntryViewController.swift; sourceTree = "<group>"; };
		38310991B84D0E2221F076C0 /* Pods-AirbnbProject.release.xcconfig */ = {isa = PBXFileReference; includeInIndex = 1; lastKnownFileType = text.xcconfig; name = "Pods-AirbnbProject.release.xcconfig"; path = "Pods/Target Support Files/Pods-AirbnbProject/Pods-AirbnbProject.release.xcconfig"; sourceTree = "<group>"; };
		66F552965419A8DFCC187B4A /* Pods_AirbnbProject.framework */ = {isa = PBXFileReference; explicitFileType = wrapper.framework; includeInIndex = 0; path = Pods_AirbnbProject.framework; sourceTree = BUILT_PRODUCTS_DIR; };
		B4AD846C3DE3FD1CF06D4F37 /* Pods-AirbnbProject.debug.xcconfig */ = {isa = PBXFileReference; includeInIndex = 1; lastKnownFileType = text.xcconfig; name = "Pods-AirbnbProject.debug.xcconfig"; path = "Pods/Target Support Files/Pods-AirbnbProject/Pods-AirbnbProject.debug.xcconfig"; sourceTree = "<group>"; };
		F90BA796211068F00030926A /* TwoLineHeaderCollectionReusableView.swift */ = {isa = PBXFileReference; lastKnownFileType = sourcecode.swift; path = TwoLineHeaderCollectionReusableView.swift; sourceTree = "<group>"; };
		F90BA797211068F00030926A /* TwoLineHeaderCollectionReusableView.xib */ = {isa = PBXFileReference; lastKnownFileType = file.xib; path = TwoLineHeaderCollectionReusableView.xib; sourceTree = "<group>"; };
		F90BA79C2110A2EC0030926A /* HouseListCollectionCell.swift */ = {isa = PBXFileReference; lastKnownFileType = sourcecode.swift; path = HouseListCollectionCell.swift; sourceTree = "<group>"; };
		F90BA79D2110A2EC0030926A /* HouseListCollectionCell.xib */ = {isa = PBXFileReference; lastKnownFileType = file.xib; path = HouseListCollectionCell.xib; sourceTree = "<group>"; };
		F924BE00210EEDA000627A4A /* ExploringViewController.swift */ = {isa = PBXFileReference; lastKnownFileType = sourcecode.swift; path = ExploringViewController.swift; sourceTree = "<group>"; };
		F924BE02210F2DB100627A4A /* AirbnbPlusCollectionCell.swift */ = {isa = PBXFileReference; lastKnownFileType = sourcecode.swift; name = AirbnbPlusCollectionCell.swift; path = AirbnbProject/Source/View/AirbnbPlusCollectionCell/AirbnbPlusCollectionCell.swift; sourceTree = SOURCE_ROOT; };
		F924BE03210F2DB100627A4A /* AirbnbPlusCollectionCell.xib */ = {isa = PBXFileReference; lastKnownFileType = file.xib; name = AirbnbPlusCollectionCell.xib; path = AirbnbProject/Source/View/AirbnbPlusCollectionCell/AirbnbPlusCollectionCell.xib; sourceTree = SOURCE_ROOT; };
		F924BE082110215800627A4A /* SuggestionCollectionCell.swift */ = {isa = PBXFileReference; lastKnownFileType = sourcecode.swift; name = SuggestionCollectionCell.swift; path = AirbnbProject/Source/View/SuggestionCollectionCell/SuggestionCollectionCell.swift; sourceTree = SOURCE_ROOT; };
		F924BE092110215800627A4A /* SuggestionCollectionCell.xib */ = {isa = PBXFileReference; lastKnownFileType = file.xib; name = SuggestionCollectionCell.xib; path = AirbnbProject/Source/View/SuggestionCollectionCell/SuggestionCollectionCell.xib; sourceTree = SOURCE_ROOT; };
		F924BE0D2110333700627A4A /* NestedSuggestionCollectionCell.swift */ = {isa = PBXFileReference; lastKnownFileType = sourcecode.swift; path = NestedSuggestionCollectionCell.swift; sourceTree = "<group>"; };
		F924BE0E2110333700627A4A /* NestedSuggestionCollectionCell.xib */ = {isa = PBXFileReference; lastKnownFileType = file.xib; path = NestedSuggestionCollectionCell.xib; sourceTree = "<group>"; };
		F937FEB421143D06004FD8CB /* SelectingNumberOfPeopleViewController.swift */ = {isa = PBXFileReference; lastKnownFileType = sourcecode.swift; path = SelectingNumberOfPeopleViewController.swift; sourceTree = "<group>"; };
		F937FEB621158E1B004FD8CB /* SearchBarViewController.swift */ = {isa = PBXFileReference; lastKnownFileType = sourcecode.swift; path = SearchBarViewController.swift; sourceTree = "<group>"; };
		F9D8AE3A2111C0CB00AF9AD5 /* OneLineFooterCollectionReusableView.swift */ = {isa = PBXFileReference; lastKnownFileType = sourcecode.swift; path = OneLineFooterCollectionReusableView.swift; sourceTree = "<group>"; };
		F9D8AE3B2111C0CB00AF9AD5 /* OneLineFooterCollectionReusableView.xib */ = {isa = PBXFileReference; lastKnownFileType = file.xib; path = OneLineFooterCollectionReusableView.xib; sourceTree = "<group>"; };
		F9D8AE3F2111DCAE00AF9AD5 /* HorizontalStyleCollectionCell.swift */ = {isa = PBXFileReference; lastKnownFileType = sourcecode.swift; path = HorizontalStyleCollectionCell.swift; sourceTree = "<group>"; };
		F9D8AE402111DCAE00AF9AD5 /* HorizontalStyleCollectionCell.xib */ = {isa = PBXFileReference; lastKnownFileType = file.xib; path = HorizontalStyleCollectionCell.xib; sourceTree = "<group>"; };
		F9D8AE452111DE1800AF9AD5 /* NestedHorizontalStyleCollectionCell.swift */ = {isa = PBXFileReference; lastKnownFileType = sourcecode.swift; path = NestedHorizontalStyleCollectionCell.swift; sourceTree = "<group>"; };
		F9D8AE462111DE1800AF9AD5 /* NestedHorizontalStyleCollectionCell.xib */ = {isa = PBXFileReference; lastKnownFileType = file.xib; path = NestedHorizontalStyleCollectionCell.xib; sourceTree = "<group>"; };
/* End PBXFileReference section */

/* Begin PBXFrameworksBuildPhase section */
		1566285E210ED4AD003B0338 /* Frameworks */ = {
			isa = PBXFrameworksBuildPhase;
			buildActionMask = 2147483647;
			files = (
				06D8EF2899F203BA8ADBD254 /* Pods_AirbnbProject.framework in Frameworks */,
			);
			runOnlyForDeploymentPostprocessing = 0;
		};
/* End PBXFrameworksBuildPhase section */

/* Begin PBXGroup section */
		15662858210ED4AC003B0338 = {
			isa = PBXGroup;
			children = (
				15662863210ED4AD003B0338 /* AirbnbProject */,
				15662862210ED4AD003B0338 /* Products */,
				BC9DFE7A4F6242E0A213120F /* Pods */,
				4783672EC0ADDB9B518A9E15 /* Frameworks */,
			);
			sourceTree = "<group>";
		};
		15662862210ED4AD003B0338 /* Products */ = {
			isa = PBXGroup;
			children = (
				15662861210ED4AD003B0338 /* AirbnbProject.app */,
			);
			name = Products;
			sourceTree = "<group>";
		};
		15662863210ED4AD003B0338 /* AirbnbProject */ = {
			isa = PBXGroup;
			children = (
				15662876210ED514003B0338 /* Source */,
				15662878210EE373003B0338 /* Storyboard */,
				15662877210EE350003B0338 /* Resources */,
				1566287D210EE3CF003B0338 /* Supporting Files */,
			);
			path = AirbnbProject;
			sourceTree = "<group>";
		};
		15662876210ED514003B0338 /* Source */ = {
			isa = PBXGroup;
			children = (
				15662864210ED4AD003B0338 /* AppDelegate.swift */,
				1566287C210EE38D003B0338 /* Utility */,
				1566287B210EE385003B0338 /* ViewController */,
				15662879210EE37C003B0338 /* Model */,
			);
			path = Source;
			sourceTree = "<group>";
		};
		15662877210EE350003B0338 /* Resources */ = {
			isa = PBXGroup;
			children = (
				1566286B210ED4AE003B0338 /* Assets.xcassets */,
			);
			path = Resources;
			sourceTree = "<group>";
		};
		15662878210EE373003B0338 /* Storyboard */ = {
			isa = PBXGroup;
			children = (
				1566287E210EE41B003B0338 /* Login.storyboard */,
				15662880210EE4CF003B0338 /* Main.storyboard */,
			);
			path = Storyboard;
			sourceTree = "<group>";
		};
		15662879210EE37C003B0338 /* Model */ = {
			isa = PBXGroup;
			children = (
			);
			path = Model;
			sourceTree = "<group>";
		};
		1566287A210EE381003B0338 /* View */ = {
			isa = PBXGroup;
			children = (
				F9D8AE3E2111DBE500AF9AD5 /* ProposeOfTravelCollectionCell */,
				F90BA7912110666D0030926A /* HeaderCollectionReusableView */,
				F9D8AE392111BF0F00AF9AD5 /* FooterCollectionReusableView */,
				F924BE0C2110330300627A4A /* SuggestionCollectionCell */,
				F90BA79A21106B700030926A /* AirbnbPlusCollectionCell */,
				F90BA79B2110A19E0030926A /* HouseListCollectionCell */,
			);
			name = View;
			path = ../View;
			sourceTree = "<group>";
		};
		1566287B210EE385003B0338 /* ViewController */ = {
			isa = PBXGroup;
			children = (
				15662882210EE5CF003B0338 /* EntryViewController.swift */,
				F937FEB621158E1B004FD8CB /* SearchBarViewController.swift */,
				F924BE00210EEDA000627A4A /* ExploringViewController.swift */,
				F937FEB421143D06004FD8CB /* SelectingNumberOfPeopleViewController.swift */,
				1566287A210EE381003B0338 /* View */,
			);
			path = ViewController;
			sourceTree = "<group>";
		};
		1566287C210EE38D003B0338 /* Utility */ = {
			isa = PBXGroup;
			children = (
			);
			path = Utility;
			sourceTree = "<group>";
		};
		1566287D210EE3CF003B0338 /* Supporting Files */ = {
			isa = PBXGroup;
			children = (
				1566286D210ED4AE003B0338 /* LaunchScreen.storyboard */,
				15662870210ED4AE003B0338 /* Info.plist */,
			);
			path = "Supporting Files";
			sourceTree = "<group>";
		};
		4783672EC0ADDB9B518A9E15 /* Frameworks */ = {
			isa = PBXGroup;
			children = (
				66F552965419A8DFCC187B4A /* Pods_AirbnbProject.framework */,
			);
			name = Frameworks;
			sourceTree = "<group>";
		};
		BC9DFE7A4F6242E0A213120F /* Pods */ = {
			isa = PBXGroup;
			children = (
				B4AD846C3DE3FD1CF06D4F37 /* Pods-AirbnbProject.debug.xcconfig */,
				38310991B84D0E2221F076C0 /* Pods-AirbnbProject.release.xcconfig */,
			);
			name = Pods;
			sourceTree = "<group>";
		};
		F90BA7912110666D0030926A /* HeaderCollectionReusableView */ = {
			isa = PBXGroup;
			children = (
				F90BA796211068F00030926A /* TwoLineHeaderCollectionReusableView.swift */,
				F90BA797211068F00030926A /* TwoLineHeaderCollectionReusableView.xib */,
			);
			path = HeaderCollectionReusableView;
			sourceTree = "<group>";
		};
		F90BA79A21106B700030926A /* AirbnbPlusCollectionCell */ = {
			isa = PBXGroup;
			children = (
				F924BE02210F2DB100627A4A /* AirbnbPlusCollectionCell.swift */,
				F924BE03210F2DB100627A4A /* AirbnbPlusCollectionCell.xib */,
			);
			path = AirbnbPlusCollectionCell;
			sourceTree = "<group>";
		};
		F90BA79B2110A19E0030926A /* HouseListCollectionCell */ = {
			isa = PBXGroup;
			children = (
				F90BA79C2110A2EC0030926A /* HouseListCollectionCell.swift */,
				F90BA79D2110A2EC0030926A /* HouseListCollectionCell.xib */,
			);
			path = HouseListCollectionCell;
			sourceTree = "<group>";
		};
		F924BE0C2110330300627A4A /* SuggestionCollectionCell */ = {
			isa = PBXGroup;
			children = (
				F924BE082110215800627A4A /* SuggestionCollectionCell.swift */,
				F924BE092110215800627A4A /* SuggestionCollectionCell.xib */,
				F924BE0D2110333700627A4A /* NestedSuggestionCollectionCell.swift */,
				F924BE0E2110333700627A4A /* NestedSuggestionCollectionCell.xib */,
			);
			path = SuggestionCollectionCell;
			sourceTree = "<group>";
		};
		F9D8AE392111BF0F00AF9AD5 /* FooterCollectionReusableView */ = {
			isa = PBXGroup;
			children = (
				F9D8AE3A2111C0CB00AF9AD5 /* OneLineFooterCollectionReusableView.swift */,
				F9D8AE3B2111C0CB00AF9AD5 /* OneLineFooterCollectionReusableView.xib */,
			);
			path = FooterCollectionReusableView;
			sourceTree = "<group>";
		};
		F9D8AE3E2111DBE500AF9AD5 /* ProposeOfTravelCollectionCell */ = {
			isa = PBXGroup;
			children = (
				F9D8AE3F2111DCAE00AF9AD5 /* HorizontalStyleCollectionCell.swift */,
				F9D8AE402111DCAE00AF9AD5 /* HorizontalStyleCollectionCell.xib */,
				F9D8AE452111DE1800AF9AD5 /* NestedHorizontalStyleCollectionCell.swift */,
				F9D8AE462111DE1800AF9AD5 /* NestedHorizontalStyleCollectionCell.xib */,
			);
			path = ProposeOfTravelCollectionCell;
			sourceTree = "<group>";
		};
/* End PBXGroup section */

/* Begin PBXNativeTarget section */
		15662860210ED4AD003B0338 /* AirbnbProject */ = {
			isa = PBXNativeTarget;
			buildConfigurationList = 15662873210ED4AE003B0338 /* Build configuration list for PBXNativeTarget "AirbnbProject" */;
			buildPhases = (
				96F95E19BAB9E421A6DA5C83 /* [CP] Check Pods Manifest.lock */,
				1566285D210ED4AD003B0338 /* Sources */,
				1566285E210ED4AD003B0338 /* Frameworks */,
				1566285F210ED4AD003B0338 /* Resources */,
				99C1D8B81C3A56EAED18C80A /* [CP] Embed Pods Frameworks */,
			);
			buildRules = (
			);
			dependencies = (
			);
			name = AirbnbProject;
			productName = AirbnbProject;
			productReference = 15662861210ED4AD003B0338 /* AirbnbProject.app */;
			productType = "com.apple.product-type.application";
		};
/* End PBXNativeTarget section */

/* Begin PBXProject section */
		15662859210ED4AC003B0338 /* Project object */ = {
			isa = PBXProject;
			attributes = {
				LastSwiftUpdateCheck = 0940;
				LastUpgradeCheck = 0940;
				ORGANIZATIONNAME = "김승진";
				TargetAttributes = {
					15662860210ED4AD003B0338 = {
						CreatedOnToolsVersion = 9.4.1;
					};
				};
			};
			buildConfigurationList = 1566285C210ED4AC003B0338 /* Build configuration list for PBXProject "AirbnbProject" */;
			compatibilityVersion = "Xcode 9.3";
			developmentRegion = en;
			hasScannedForEncodings = 0;
			knownRegions = (
				en,
				Base,
			);
			mainGroup = 15662858210ED4AC003B0338;
			productRefGroup = 15662862210ED4AD003B0338 /* Products */;
			projectDirPath = "";
			projectRoot = "";
			targets = (
				15662860210ED4AD003B0338 /* AirbnbProject */,
			);
		};
/* End PBXProject section */

/* Begin PBXResourcesBuildPhase section */
		1566285F210ED4AD003B0338 /* Resources */ = {
			isa = PBXResourcesBuildPhase;
			buildActionMask = 2147483647;
			files = (
				F924BE05210F2DB100627A4A /* AirbnbPlusCollectionCell.xib in Resources */,
				F9D8AE3D2111C0CB00AF9AD5 /* OneLineFooterCollectionReusableView.xib in Resources */,
				F90BA799211068F00030926A /* TwoLineHeaderCollectionReusableView.xib in Resources */,
				F924BE0B2110215800627A4A /* SuggestionCollectionCell.xib in Resources */,
				F9D8AE482111DE1800AF9AD5 /* NestedHorizontalStyleCollectionCell.xib in Resources */,
				F90BA79F2110A2EC0030926A /* HouseListCollectionCell.xib in Resources */,
				1566287F210EE41B003B0338 /* Login.storyboard in Resources */,
				1566286F210ED4AE003B0338 /* LaunchScreen.storyboard in Resources */,
				1566286C210ED4AE003B0338 /* Assets.xcassets in Resources */,
				15662881210EE4CF003B0338 /* Main.storyboard in Resources */,
				F924BE102110333700627A4A /* NestedSuggestionCollectionCell.xib in Resources */,
				F9D8AE422111DCAE00AF9AD5 /* HorizontalStyleCollectionCell.xib in Resources */,
			);
			runOnlyForDeploymentPostprocessing = 0;
		};
/* End PBXResourcesBuildPhase section */

/* Begin PBXShellScriptBuildPhase section */
		96F95E19BAB9E421A6DA5C83 /* [CP] Check Pods Manifest.lock */ = {
			isa = PBXShellScriptBuildPhase;
			buildActionMask = 2147483647;
			files = (
			);
			inputPaths = (
				"${PODS_PODFILE_DIR_PATH}/Podfile.lock",
				"${PODS_ROOT}/Manifest.lock",
			);
			name = "[CP] Check Pods Manifest.lock";
			outputPaths = (
				"$(DERIVED_FILE_DIR)/Pods-AirbnbProject-checkManifestLockResult.txt",
			);
			runOnlyForDeploymentPostprocessing = 0;
			shellPath = /bin/sh;
			shellScript = "diff \"${PODS_PODFILE_DIR_PATH}/Podfile.lock\" \"${PODS_ROOT}/Manifest.lock\" > /dev/null\nif [ $? != 0 ] ; then\n    # print error to STDERR\n    echo \"error: The sandbox is not in sync with the Podfile.lock. Run 'pod install' or update your CocoaPods installation.\" >&2\n    exit 1\nfi\n# This output is used by Xcode 'outputs' to avoid re-running this script phase.\necho \"SUCCESS\" > \"${SCRIPT_OUTPUT_FILE_0}\"\n";
			showEnvVarsInLog = 0;
		};
		99C1D8B81C3A56EAED18C80A /* [CP] Embed Pods Frameworks */ = {
			isa = PBXShellScriptBuildPhase;
			buildActionMask = 2147483647;
			files = (
			);
			inputPaths = (
				"${SRCROOT}/Pods/Target Support Files/Pods-AirbnbProject/Pods-AirbnbProject-frameworks.sh",
				"${BUILT_PRODUCTS_DIR}/Alamofire/Alamofire.framework",
				"${BUILT_PRODUCTS_DIR}/Kingfisher/Kingfisher.framework",
			);
			name = "[CP] Embed Pods Frameworks";
			outputPaths = (
				"${TARGET_BUILD_DIR}/${FRAMEWORKS_FOLDER_PATH}/Alamofire.framework",
				"${TARGET_BUILD_DIR}/${FRAMEWORKS_FOLDER_PATH}/Kingfisher.framework",
			);
			runOnlyForDeploymentPostprocessing = 0;
			shellPath = /bin/sh;
			shellScript = "\"${SRCROOT}/Pods/Target Support Files/Pods-AirbnbProject/Pods-AirbnbProject-frameworks.sh\"\n";
			showEnvVarsInLog = 0;
		};
/* End PBXShellScriptBuildPhase section */

/* Begin PBXSourcesBuildPhase section */
		1566285D210ED4AD003B0338 /* Sources */ = {
			isa = PBXSourcesBuildPhase;
			buildActionMask = 2147483647;
			files = (
				F937FEB721158E1B004FD8CB /* SearchBarViewController.swift in Sources */,
				F9D8AE412111DCAE00AF9AD5 /* HorizontalStyleCollectionCell.swift in Sources */,
				F924BE0A2110215800627A4A /* SuggestionCollectionCell.swift in Sources */,
				F924BE0F2110333700627A4A /* NestedSuggestionCollectionCell.swift in Sources */,
				15662865210ED4AD003B0338 /* AppDelegate.swift in Sources */,
				F9D8AE3C2111C0CB00AF9AD5 /* OneLineFooterCollectionReusableView.swift in Sources */,
				F9D8AE472111DE1800AF9AD5 /* NestedHorizontalStyleCollectionCell.swift in Sources */,
				F924BE04210F2DB100627A4A /* AirbnbPlusCollectionCell.swift in Sources */,
				F924BE01210EEDA000627A4A /* ExploringViewController.swift in Sources */,
				F90BA79E2110A2EC0030926A /* HouseListCollectionCell.swift in Sources */,
				F937FEB521143D06004FD8CB /* SelectingNumberOfPeopleViewController.swift in Sources */,
				F90BA798211068F00030926A /* TwoLineHeaderCollectionReusableView.swift in Sources */,
				15662883210EE5CF003B0338 /* EntryViewController.swift in Sources */,
			);
			runOnlyForDeploymentPostprocessing = 0;
		};
/* End PBXSourcesBuildPhase section */

/* Begin PBXVariantGroup section */
		1566286D210ED4AE003B0338 /* LaunchScreen.storyboard */ = {
			isa = PBXVariantGroup;
			children = (
				1566286E210ED4AE003B0338 /* Base */,
			);
			name = LaunchScreen.storyboard;
			sourceTree = "<group>";
		};
/* End PBXVariantGroup section */

/* Begin XCBuildConfiguration section */
		15662871210ED4AE003B0338 /* Debug */ = {
			isa = XCBuildConfiguration;
			buildSettings = {
				ALWAYS_SEARCH_USER_PATHS = NO;
				CLANG_ANALYZER_NONNULL = YES;
				CLANG_ANALYZER_NUMBER_OBJECT_CONVERSION = YES_AGGRESSIVE;
				CLANG_CXX_LANGUAGE_STANDARD = "gnu++14";
				CLANG_CXX_LIBRARY = "libc++";
				CLANG_ENABLE_MODULES = YES;
				CLANG_ENABLE_OBJC_ARC = YES;
				CLANG_ENABLE_OBJC_WEAK = YES;
				CLANG_WARN_BLOCK_CAPTURE_AUTORELEASING = YES;
				CLANG_WARN_BOOL_CONVERSION = YES;
				CLANG_WARN_COMMA = YES;
				CLANG_WARN_CONSTANT_CONVERSION = YES;
				CLANG_WARN_DEPRECATED_OBJC_IMPLEMENTATIONS = YES;
				CLANG_WARN_DIRECT_OBJC_ISA_USAGE = YES_ERROR;
				CLANG_WARN_DOCUMENTATION_COMMENTS = YES;
				CLANG_WARN_EMPTY_BODY = YES;
				CLANG_WARN_ENUM_CONVERSION = YES;
				CLANG_WARN_INFINITE_RECURSION = YES;
				CLANG_WARN_INT_CONVERSION = YES;
				CLANG_WARN_NON_LITERAL_NULL_CONVERSION = YES;
				CLANG_WARN_OBJC_IMPLICIT_RETAIN_SELF = YES;
				CLANG_WARN_OBJC_LITERAL_CONVERSION = YES;
				CLANG_WARN_OBJC_ROOT_CLASS = YES_ERROR;
				CLANG_WARN_RANGE_LOOP_ANALYSIS = YES;
				CLANG_WARN_STRICT_PROTOTYPES = YES;
				CLANG_WARN_SUSPICIOUS_MOVE = YES;
				CLANG_WARN_UNGUARDED_AVAILABILITY = YES_AGGRESSIVE;
				CLANG_WARN_UNREACHABLE_CODE = YES;
				CLANG_WARN__DUPLICATE_METHOD_MATCH = YES;
				CODE_SIGN_IDENTITY = "iPhone Developer";
				COPY_PHASE_STRIP = NO;
				DEBUG_INFORMATION_FORMAT = dwarf;
				ENABLE_STRICT_OBJC_MSGSEND = YES;
				ENABLE_TESTABILITY = YES;
				GCC_C_LANGUAGE_STANDARD = gnu11;
				GCC_DYNAMIC_NO_PIC = NO;
				GCC_NO_COMMON_BLOCKS = YES;
				GCC_OPTIMIZATION_LEVEL = 0;
				GCC_PREPROCESSOR_DEFINITIONS = (
					"DEBUG=1",
					"$(inherited)",
				);
				GCC_WARN_64_TO_32_BIT_CONVERSION = YES;
				GCC_WARN_ABOUT_RETURN_TYPE = YES_ERROR;
				GCC_WARN_UNDECLARED_SELECTOR = YES;
				GCC_WARN_UNINITIALIZED_AUTOS = YES_AGGRESSIVE;
				GCC_WARN_UNUSED_FUNCTION = YES;
				GCC_WARN_UNUSED_VARIABLE = YES;
				IPHONEOS_DEPLOYMENT_TARGET = 11.4;
				MTL_ENABLE_DEBUG_INFO = YES;
				ONLY_ACTIVE_ARCH = YES;
				SDKROOT = iphoneos;
				SWIFT_ACTIVE_COMPILATION_CONDITIONS = DEBUG;
				SWIFT_OPTIMIZATION_LEVEL = "-Onone";
			};
			name = Debug;
		};
		15662872210ED4AE003B0338 /* Release */ = {
			isa = XCBuildConfiguration;
			buildSettings = {
				ALWAYS_SEARCH_USER_PATHS = NO;
				CLANG_ANALYZER_NONNULL = YES;
				CLANG_ANALYZER_NUMBER_OBJECT_CONVERSION = YES_AGGRESSIVE;
				CLANG_CXX_LANGUAGE_STANDARD = "gnu++14";
				CLANG_CXX_LIBRARY = "libc++";
				CLANG_ENABLE_MODULES = YES;
				CLANG_ENABLE_OBJC_ARC = YES;
				CLANG_ENABLE_OBJC_WEAK = YES;
				CLANG_WARN_BLOCK_CAPTURE_AUTORELEASING = YES;
				CLANG_WARN_BOOL_CONVERSION = YES;
				CLANG_WARN_COMMA = YES;
				CLANG_WARN_CONSTANT_CONVERSION = YES;
				CLANG_WARN_DEPRECATED_OBJC_IMPLEMENTATIONS = YES;
				CLANG_WARN_DIRECT_OBJC_ISA_USAGE = YES_ERROR;
				CLANG_WARN_DOCUMENTATION_COMMENTS = YES;
				CLANG_WARN_EMPTY_BODY = YES;
				CLANG_WARN_ENUM_CONVERSION = YES;
				CLANG_WARN_INFINITE_RECURSION = YES;
				CLANG_WARN_INT_CONVERSION = YES;
				CLANG_WARN_NON_LITERAL_NULL_CONVERSION = YES;
				CLANG_WARN_OBJC_IMPLICIT_RETAIN_SELF = YES;
				CLANG_WARN_OBJC_LITERAL_CONVERSION = YES;
				CLANG_WARN_OBJC_ROOT_CLASS = YES_ERROR;
				CLANG_WARN_RANGE_LOOP_ANALYSIS = YES;
				CLANG_WARN_STRICT_PROTOTYPES = YES;
				CLANG_WARN_SUSPICIOUS_MOVE = YES;
				CLANG_WARN_UNGUARDED_AVAILABILITY = YES_AGGRESSIVE;
				CLANG_WARN_UNREACHABLE_CODE = YES;
				CLANG_WARN__DUPLICATE_METHOD_MATCH = YES;
				CODE_SIGN_IDENTITY = "iPhone Developer";
				COPY_PHASE_STRIP = NO;
				DEBUG_INFORMATION_FORMAT = "dwarf-with-dsym";
				ENABLE_NS_ASSERTIONS = NO;
				ENABLE_STRICT_OBJC_MSGSEND = YES;
				GCC_C_LANGUAGE_STANDARD = gnu11;
				GCC_NO_COMMON_BLOCKS = YES;
				GCC_WARN_64_TO_32_BIT_CONVERSION = YES;
				GCC_WARN_ABOUT_RETURN_TYPE = YES_ERROR;
				GCC_WARN_UNDECLARED_SELECTOR = YES;
				GCC_WARN_UNINITIALIZED_AUTOS = YES_AGGRESSIVE;
				GCC_WARN_UNUSED_FUNCTION = YES;
				GCC_WARN_UNUSED_VARIABLE = YES;
				IPHONEOS_DEPLOYMENT_TARGET = 11.4;
				MTL_ENABLE_DEBUG_INFO = NO;
				SDKROOT = iphoneos;
				SWIFT_COMPILATION_MODE = wholemodule;
				SWIFT_OPTIMIZATION_LEVEL = "-O";
				VALIDATE_PRODUCT = YES;
			};
			name = Release;
		};
		15662874210ED4AE003B0338 /* Debug */ = {
			isa = XCBuildConfiguration;
			baseConfigurationReference = B4AD846C3DE3FD1CF06D4F37 /* Pods-AirbnbProject.debug.xcconfig */;
			buildSettings = {
				ASSETCATALOG_COMPILER_APPICON_NAME = AppIcon;
				CODE_SIGN_STYLE = Automatic;
				DEVELOPMENT_TEAM = G4MM77V7NH;
				INFOPLIST_FILE = "$(SRCROOT)/AirbnbProject/Supporting Files/Info.plist";
				IPHONEOS_DEPLOYMENT_TARGET = 9.0;
				LD_RUNPATH_SEARCH_PATHS = (
					"$(inherited)",
					"@executable_path/Frameworks",
				);
				PRODUCT_BUNDLE_IDENTIFIER = com.JinTonic.AirbnbProject;
				PRODUCT_NAME = "$(TARGET_NAME)";
				SWIFT_VERSION = 4.0;
				TARGETED_DEVICE_FAMILY = "1,2";
			};
			name = Debug;
		};
		15662875210ED4AE003B0338 /* Release */ = {
			isa = XCBuildConfiguration;
			baseConfigurationReference = 38310991B84D0E2221F076C0 /* Pods-AirbnbProject.release.xcconfig */;
			buildSettings = {
				ASSETCATALOG_COMPILER_APPICON_NAME = AppIcon;
				CODE_SIGN_STYLE = Automatic;
				DEVELOPMENT_TEAM = G4MM77V7NH;
				INFOPLIST_FILE = "$(SRCROOT)/AirbnbProject/Supporting Files/Info.plist";
				IPHONEOS_DEPLOYMENT_TARGET = 9.0;
				LD_RUNPATH_SEARCH_PATHS = (
					"$(inherited)",
					"@executable_path/Frameworks",
				);
				PRODUCT_BUNDLE_IDENTIFIER = com.JinTonic.AirbnbProject;
				PRODUCT_NAME = "$(TARGET_NAME)";
				SWIFT_VERSION = 4.0;
				TARGETED_DEVICE_FAMILY = "1,2";
			};
			name = Release;
		};
/* End XCBuildConfiguration section */

/* Begin XCConfigurationList section */
		1566285C210ED4AC003B0338 /* Build configuration list for PBXProject "AirbnbProject" */ = {
			isa = XCConfigurationList;
			buildConfigurations = (
				15662871210ED4AE003B0338 /* Debug */,
				15662872210ED4AE003B0338 /* Release */,
			);
			defaultConfigurationIsVisible = 0;
			defaultConfigurationName = Release;
		};
		15662873210ED4AE003B0338 /* Build configuration list for PBXNativeTarget "AirbnbProject" */ = {
			isa = XCConfigurationList;
			buildConfigurations = (
				15662874210ED4AE003B0338 /* Debug */,
				15662875210ED4AE003B0338 /* Release */,
			);
			defaultConfigurationIsVisible = 0;
			defaultConfigurationName = Release;
		};
/* End XCConfigurationList section */
	};
	rootObject = 15662859210ED4AC003B0338 /* Project object */;
}
